
Microsoft Visual Studio Solution File, Format Version 12.00
# Visual Studio Version 17
VisualStudioVersion = 17.14.36121.58 d17.14
MinimumVisualStudioVersion = 10.0.40219.1
Project("{FAE04EC0-301F-11D3-BF4B-00C04F79EFBC}") = "OSSApi", "OSSApi\OSSApi.csproj", "{D4DD7B84-EB00-4C3B-A496-33A47E8212F6}"
EndProject
Global
	GlobalSection(SolutionConfigurationPlatforms) = preSolution
		Debug|Any CPU = Debug|Any CPU
		Release|Any CPU = Release|Any CPU
	EndGlobalSection
	GlobalSection(ProjectConfigurationPlatforms) = postSolution
		{D4DD7B84-EB00-4C3B-A496-33A47E8212F6}.Debug|Any CPU.ActiveCfg = Debug|Any CPU
		{D4DD7B84-EB00-4C3B-A496-33A47E8212F6}.Debug|Any CPU.Build.0 = Debug|Any CPU
		{D4DD7B84-EB00-4C3B-A496-33A47E8212F6}.Release|Any CPU.ActiveCfg = Release|Any CPU
		{D4DD7B84-EB00-4C3B-A496-33A47E8212F6}.Release|Any CPU.Build.0 = Release|Any CPU
	EndGlobalSection
	GlobalSection(SolutionProperties) = preSolution
		HideSolutionNode = FALSE
	EndGlobalSection
	GlobalSection(ExtensibilityGlobals) = postSolution
		SolutionGuid = {58F59D92-B8FD-479D-97FA-F0CCCAD15950}
	EndGlobalSection
EndGlobal
